
Microsoft Visual Studio Solution File, Format Version 12.00
# Visual Studio Version 17
VisualStudioVersion = 17.0.32112.339
MinimumVisualStudioVersion = 10.0.40219.1
Project("{FAE04EC0-301F-11D3-BF4B-00C04F79EFBC}") = "WindowsFormsApp24", "WindowsFormsApp24.csproj", "{10C6B790-8FDB-4DD7-9E9E-245DBF1DC2DB}"
EndProject
Global
	GlobalSection(SolutionConfigurationPlatforms) = preSolution
		Debug|Any CPU = Debug|Any CPU
		Release|Any CPU = Release|Any CPU
	EndGlobalSection
	GlobalSection(ProjectConfigurationPlatforms) = postSolution
		{10C6B790-8FDB-4DD7-9E9E-245DBF1DC2DB}.Debug|Any CPU.ActiveCfg = Debug|Any CPU
		{10C6B790-8FDB-4DD7-9E9E-245DBF1DC2DB}.Debug|Any CPU.Build.0 = Debug|Any CPU
		{10C6B790-8FDB-4DD7-9E9E-245DBF1DC2DB}.Release|Any CPU.ActiveCfg = Release|Any CPU
		{10C6B790-8FDB-4DD7-9E9E-245DBF1DC2DB}.Release|Any CPU.Build.0 = Release|Any CPU
	EndGlobalSection
	GlobalSection(SolutionProperties) = preSolution
		HideSolutionNode = FALSE
	EndGlobalSection
	GlobalSection(ExtensibilityGlobals) = postSolution
		SolutionGuid = {6D937E43-8A55-4783-A225-DEFC0352E6AC}
	EndGlobalSection
EndGlobal
